
Microsoft Visual Studio Solution File, Format Version 12.00
# Visual Studio Version 17
VisualStudioVersion = 17.14.36616.10 d17.14
MinimumVisualStudioVersion = 10.0.40219.1
Project("{FAE04EC0-301F-11D3-BF4B-00C04F79EFBC}") = "LibretaContactos", "LibretaContactos.csproj", "{1D785482-5472-40E0-A593-156E119B43DD}"
EndProject
Global
	GlobalSection(SolutionConfigurationPlatforms) = preSolution
		Debug|Any CPU = Debug|Any CPU
		Release|Any CPU = Release|Any CPU
	EndGlobalSection
	GlobalSection(ProjectConfigurationPlatforms) = postSolution
		{1D785482-5472-40E0-A593-156E119B43DD}.Debug|Any CPU.ActiveCfg = Debug|Any CPU
		{1D785482-5472-40E0-A593-156E119B43DD}.Debug|Any CPU.Build.0 = Debug|Any CPU
		{1D785482-5472-40E0-A593-156E119B43DD}.Release|Any CPU.ActiveCfg = Release|Any CPU
		{1D785482-5472-40E0-A593-156E119B43DD}.Release|Any CPU.Build.0 = Release|Any CPU
	EndGlobalSection
	GlobalSection(SolutionProperties) = preSolution
		HideSolutionNode = FALSE
	EndGlobalSection
	GlobalSection(ExtensibilityGlobals) = postSolution
		SolutionGuid = {F7A12DEF-707E-4D51-A85F-522FB438D48A}
	EndGlobalSection
EndGlobal
